
Microsoft Visual Studio Solution File, Format Version 12.00
# Visual Studio Version 16
VisualStudioVersion = 16.0.30320.27
MinimumVisualStudioVersion = 10.0.40219.1
Project("{FAE04EC0-301F-11D3-BF4B-00C04F79EFBC}") = "Linked list", "Linked list.csproj", "{9B09498A-5BD3-4B00-8651-4B58C1C0A56C}"
EndProject
Global
	GlobalSection(SolutionConfigurationPlatforms) = preSolution
		Debug|Any CPU = Debug|Any CPU
		Release|Any CPU = Release|Any CPU
	EndGlobalSection
	GlobalSection(ProjectConfigurationPlatforms) = postSolution
		{9B09498A-5BD3-4B00-8651-4B58C1C0A56C}.Debug|Any CPU.ActiveCfg = Debug|Any CPU
		{9B09498A-5BD3-4B00-8651-4B58C1C0A56C}.Debug|Any CPU.Build.0 = Debug|Any CPU
		{9B09498A-5BD3-4B00-8651-4B58C1C0A56C}.Release|Any CPU.ActiveCfg = Release|Any CPU
		{9B09498A-5BD3-4B00-8651-4B58C1C0A56C}.Release|Any CPU.Build.0 = Release|Any CPU
	EndGlobalSection
	GlobalSection(SolutionProperties) = preSolution
		HideSolutionNode = FALSE
	EndGlobalSection
	GlobalSection(ExtensibilityGlobals) = postSolution
		SolutionGuid = {EFD446BF-2E0F-4172-BF19-9FC79683CEB5}
	EndGlobalSection
EndGlobal
